// !$*UTF8*$!
{
	archiveVersion = 1;
	classes = {
	};
	objectVersion = 50;
	objects = {

/* Begin PBXBuildFile section */
		156F6F3625404E1C009435D6 /* AppDelegate.swift in Sources */ = {isa = PBXBuildFile; fileRef = 156F6F3525404E1C009435D6 /* AppDelegate.swift */; };
		156F6F3825404E1C009435D6 /* SceneDelegate.swift in Sources */ = {isa = PBXBuildFile; fileRef = 156F6F3725404E1C009435D6 /* SceneDelegate.swift */; };
		156F6F3F25404E1E009435D6 /* Assets.xcassets in Resources */ = {isa = PBXBuildFile; fileRef = 156F6F3E25404E1E009435D6 /* Assets.xcassets */; };
		156F6F4225404E1E009435D6 /* LaunchScreen.storyboard in Resources */ = {isa = PBXBuildFile; fileRef = 156F6F4025404E1E009435D6 /* LaunchScreen.storyboard */; };
		156F6F5C25405104009435D6 /* RedditTopListView.storyboard in Resources */ = {isa = PBXBuildFile; fileRef = 156F6F5625405104009435D6 /* RedditTopListView.storyboard */; };
		156F6F5D25405104009435D6 /* RedditTopListInterfaces.swift in Sources */ = {isa = PBXBuildFile; fileRef = 156F6F5725405104009435D6 /* RedditTopListInterfaces.swift */; };
		156F6F5E25405104009435D6 /* RedditTopListPresenter.swift in Sources */ = {isa = PBXBuildFile; fileRef = 156F6F5825405104009435D6 /* RedditTopListPresenter.swift */; };
		156F6F5F25405104009435D6 /* RedditTopListModels.swift in Sources */ = {isa = PBXBuildFile; fileRef = 156F6F5925405104009435D6 /* RedditTopListModels.swift */; };
		156F6F6025405104009435D6 /* RedditTopListView.swift in Sources */ = {isa = PBXBuildFile; fileRef = 156F6F5A25405104009435D6 /* RedditTopListView.swift */; };
		156F6F6125405104009435D6 /* RedditTopListWireframe.swift in Sources */ = {isa = PBXBuildFile; fileRef = 156F6F5B25405104009435D6 /* RedditTopListWireframe.swift */; };
		15A0472B25406FBB00400E12 /* FeedItem.swift in Sources */ = {isa = PBXBuildFile; fileRef = 15A0472A25406FBB00400E12 /* FeedItem.swift */; };
		15A0472E25406FD200400E12 /* FeedService.swift in Sources */ = {isa = PBXBuildFile; fileRef = 15A0472D25406FD200400E12 /* FeedService.swift */; };
/* End PBXBuildFile section */

/* Begin PBXFileReference section */
		156F6F3225404E1C009435D6 /* RaketaTestTask.app */ = {isa = PBXFileReference; explicitFileType = wrapper.application; includeInIndex = 0; path = RaketaTestTask.app; sourceTree = BUILT_PRODUCTS_DIR; };
		156F6F3525404E1C009435D6 /* AppDelegate.swift */ = {isa = PBXFileReference; lastKnownFileType = sourcecode.swift; path = AppDelegate.swift; sourceTree = "<group>"; };
		156F6F3725404E1C009435D6 /* SceneDelegate.swift */ = {isa = PBXFileReference; lastKnownFileType = sourcecode.swift; path = SceneDelegate.swift; sourceTree = "<group>"; };
		156F6F3E25404E1E009435D6 /* Assets.xcassets */ = {isa = PBXFileReference; lastKnownFileType = folder.assetcatalog; path = Assets.xcassets; sourceTree = "<group>"; };
		156F6F4125404E1E009435D6 /* Base */ = {isa = PBXFileReference; lastKnownFileType = file.storyboard; name = Base; path = Base.lproj/LaunchScreen.storyboard; sourceTree = "<group>"; };
		156F6F4325404E1E009435D6 /* Info.plist */ = {isa = PBXFileReference; lastKnownFileType = text.plist.xml; path = Info.plist; sourceTree = "<group>"; };
		156F6F5625405104009435D6 /* RedditTopListView.storyboard */ = {isa = PBXFileReference; lastKnownFileType = file.storyboard; path = RedditTopListView.storyboard; sourceTree = "<group>"; };
		156F6F5725405104009435D6 /* RedditTopListInterfaces.swift */ = {isa = PBXFileReference; lastKnownFileType = sourcecode.swift; path = RedditTopListInterfaces.swift; sourceTree = "<group>"; };
		156F6F5825405104009435D6 /* RedditTopListPresenter.swift */ = {isa = PBXFileReference; lastKnownFileType = sourcecode.swift; path = RedditTopListPresenter.swift; sourceTree = "<group>"; };
		156F6F5925405104009435D6 /* RedditTopListModels.swift */ = {isa = PBXFileReference; lastKnownFileType = sourcecode.swift; path = RedditTopListModels.swift; sourceTree = "<group>"; };
		156F6F5A25405104009435D6 /* RedditTopListView.swift */ = {isa = PBXFileReference; lastKnownFileType = sourcecode.swift; path = RedditTopListView.swift; sourceTree = "<group>"; };
		156F6F5B25405104009435D6 /* RedditTopListWireframe.swift */ = {isa = PBXFileReference; lastKnownFileType = sourcecode.swift; path = RedditTopListWireframe.swift; sourceTree = "<group>"; };
		15A0472A25406FBB00400E12 /* FeedItem.swift */ = {isa = PBXFileReference; lastKnownFileType = sourcecode.swift; path = FeedItem.swift; sourceTree = "<group>"; };
		15A0472D25406FD200400E12 /* FeedService.swift */ = {isa = PBXFileReference; lastKnownFileType = sourcecode.swift; path = FeedService.swift; sourceTree = "<group>"; };
/* End PBXFileReference section */

/* Begin PBXFrameworksBuildPhase section */
		156F6F2F25404E1C009435D6 /* Frameworks */ = {
			isa = PBXFrameworksBuildPhase;
			buildActionMask = 2147483647;
			files = (
			);
			runOnlyForDeploymentPostprocessing = 0;
		};
/* End PBXFrameworksBuildPhase section */

/* Begin PBXGroup section */
		156F6F2925404E1C009435D6 = {
			isa = PBXGroup;
			children = (
				156F6F3425404E1C009435D6 /* RaketaTestTask */,
				156F6F3325404E1C009435D6 /* Products */,
			);
			sourceTree = "<group>";
		};
		156F6F3325404E1C009435D6 /* Products */ = {
			isa = PBXGroup;
			children = (
				156F6F3225404E1C009435D6 /* RaketaTestTask.app */,
			);
			name = Products;
			sourceTree = "<group>";
		};
		156F6F3425404E1C009435D6 /* RaketaTestTask */ = {
			isa = PBXGroup;
			children = (
				156F6F54254050D1009435D6 /* Features */,
				156F6F3525404E1C009435D6 /* AppDelegate.swift */,
				156F6F3725404E1C009435D6 /* SceneDelegate.swift */,
				156F6F3E25404E1E009435D6 /* Assets.xcassets */,
				156F6F4025404E1E009435D6 /* LaunchScreen.storyboard */,
				156F6F4325404E1E009435D6 /* Info.plist */,
			);
			path = RaketaTestTask;
			sourceTree = "<group>";
		};
		156F6F54254050D1009435D6 /* Features */ = {
			isa = PBXGroup;
			children = (
				156F6F55254050E9009435D6 /* RedditTopList */,
			);
			path = Features;
			sourceTree = "<group>";
		};
		156F6F55254050E9009435D6 /* RedditTopList */ = {
			isa = PBXGroup;
			children = (
				156F6F672540519A009435D6 /* Models */,
				156F6F662540518D009435D6 /* Services */,
				156F6F642540517B009435D6 /* UI */,
			);
			path = RedditTopList;
			sourceTree = "<group>";
		};
		156F6F642540517B009435D6 /* UI */ = {
			isa = PBXGroup;
			children = (
				156F6F5625405104009435D6 /* RedditTopListView.storyboard */,
				156F6F5725405104009435D6 /* RedditTopListInterfaces.swift */,
				156F6F5825405104009435D6 /* RedditTopListPresenter.swift */,
				156F6F5925405104009435D6 /* RedditTopListModels.swift */,
				156F6F5A25405104009435D6 /* RedditTopListView.swift */,
				156F6F5B25405104009435D6 /* RedditTopListWireframe.swift */,
			);
			path = UI;
			sourceTree = "<group>";
		};
		156F6F662540518D009435D6 /* Services */ = {
			isa = PBXGroup;
			children = (
				15A0472D25406FD200400E12 /* FeedService.swift */,
			);
			path = Services;
			sourceTree = "<group>";
		};
		156F6F672540519A009435D6 /* Models */ = {
			isa = PBXGroup;
			children = (
				15A0472A25406FBB00400E12 /* FeedItem.swift */,
			);
			path = Models;
			sourceTree = "<group>";
		};
/* End PBXGroup section */

/* Begin PBXNativeTarget section */
		156F6F3125404E1C009435D6 /* RaketaTestTask */ = {
			isa = PBXNativeTarget;
			buildConfigurationList = 156F6F4625404E1E009435D6 /* Build configuration list for PBXNativeTarget "RaketaTestTask" */;
			buildPhases = (
				156F6F2E25404E1C009435D6 /* Sources */,
				156F6F2F25404E1C009435D6 /* Frameworks */,
				156F6F3025404E1C009435D6 /* Resources */,
			);
			buildRules = (
			);
			dependencies = (
			);
			name = RaketaTestTask;
			productName = RaketaTestTask;
			productReference = 156F6F3225404E1C009435D6 /* RaketaTestTask.app */;
			productType = "com.apple.product-type.application";
		};
/* End PBXNativeTarget section */

/* Begin PBXProject section */
		156F6F2A25404E1C009435D6 /* Project object */ = {
			isa = PBXProject;
			attributes = {
				LastSwiftUpdateCheck = 1200;
				LastUpgradeCheck = 1200;
				TargetAttributes = {
					156F6F3125404E1C009435D6 = {
						CreatedOnToolsVersion = 12.0.1;
					};
				};
			};
			buildConfigurationList = 156F6F2D25404E1C009435D6 /* Build configuration list for PBXProject "RaketaTestTask" */;
			compatibilityVersion = "Xcode 9.3";
			developmentRegion = en;
			hasScannedForEncodings = 0;
			knownRegions = (
				en,
				Base,
			);
			mainGroup = 156F6F2925404E1C009435D6;
			productRefGroup = 156F6F3325404E1C009435D6 /* Products */;
			projectDirPath = "";
			projectRoot = "";
			targets = (
				156F6F3125404E1C009435D6 /* RaketaTestTask */,
			);
		};
/* End PBXProject section */

/* Begin PBXResourcesBuildPhase section */
		156F6F3025404E1C009435D6 /* Resources */ = {
			isa = PBXResourcesBuildPhase;
			buildActionMask = 2147483647;
			files = (
				156F6F4225404E1E009435D6 /* LaunchScreen.storyboard in Resources */,
				156F6F5C25405104009435D6 /* RedditTopListView.storyboard in Resources */,
				156F6F3F25404E1E009435D6 /* Assets.xcassets in Resources */,
			);
			runOnlyForDeploymentPostprocessing = 0;
		};
/* End PBXResourcesBuildPhase section */

/* Begin PBXSourcesBuildPhase section */
		156F6F2E25404E1C009435D6 /* Sources */ = {
			isa = PBXSourcesBuildPhase;
			buildActionMask = 2147483647;
			files = (
				156F6F3625404E1C009435D6 /* AppDelegate.swift in Sources */,
				156F6F3825404E1C009435D6 /* SceneDelegate.swift in Sources */,
				156F6F6025405104009435D6 /* RedditTopListView.swift in Sources */,
				156F6F5E25405104009435D6 /* RedditTopListPresenter.swift in Sources */,
				15A0472B25406FBB00400E12 /* FeedItem.swift in Sources */,
				156F6F5F25405104009435D6 /* RedditTopListModels.swift in Sources */,
				156F6F6125405104009435D6 /* RedditTopListWireframe.swift in Sources */,
				156F6F5D25405104009435D6 /* RedditTopListInterfaces.swift in Sources */,
				15A0472E25406FD200400E12 /* FeedService.swift in Sources */,
			);
			runOnlyForDeploymentPostprocessing = 0;
		};
/* End PBXSourcesBuildPhase section */

/* Begin PBXVariantGroup section */
		156F6F4025404E1E009435D6 /* LaunchScreen.storyboard */ = {
			isa = PBXVariantGroup;
			children = (
				156F6F4125404E1E009435D6 /* Base */,
			);
			name = LaunchScreen.storyboard;
			sourceTree = "<group>";
		};
/* End PBXVariantGroup section */

/* Begin XCBuildConfiguration section */
		156F6F4425404E1E009435D6 /* Debug */ = {
			isa = XCBuildConfiguration;
			buildSettings = {
				ALWAYS_SEARCH_USER_PATHS = NO;
				CLANG_ANALYZER_NONNULL = YES;
				CLANG_ANALYZER_NUMBER_OBJECT_CONVERSION = YES_AGGRESSIVE;
				CLANG_CXX_LANGUAGE_STANDARD = "gnu++14";
				CLANG_CXX_LIBRARY = "libc++";
				CLANG_ENABLE_MODULES = YES;
				CLANG_ENABLE_OBJC_ARC = YES;
				CLANG_ENABLE_OBJC_WEAK = YES;
				CLANG_WARN_BLOCK_CAPTURE_AUTORELEASING = YES;
				CLANG_WARN_BOOL_CONVERSION = YES;
				CLANG_WARN_COMMA = YES;
				CLANG_WARN_CONSTANT_CONVERSION = YES;
				CLANG_WARN_DEPRECATED_OBJC_IMPLEMENTATIONS = YES;
				CLANG_WARN_DIRECT_OBJC_ISA_USAGE = YES_ERROR;
				CLANG_WARN_DOCUMENTATION_COMMENTS = YES;
				CLANG_WARN_EMPTY_BODY = YES;
				CLANG_WARN_ENUM_CONVERSION = YES;
				CLANG_WARN_INFINITE_RECURSION = YES;
				CLANG_WARN_INT_CONVERSION = YES;
				CLANG_WARN_NON_LITERAL_NULL_CONVERSION = YES;
				CLANG_WARN_OBJC_IMPLICIT_RETAIN_SELF = YES;
				CLANG_WARN_OBJC_LITERAL_CONVERSION = YES;
				CLANG_WARN_OBJC_ROOT_CLASS = YES_ERROR;
				CLANG_WARN_QUOTED_INCLUDE_IN_FRAMEWORK_HEADER = YES;
				CLANG_WARN_RANGE_LOOP_ANALYSIS = YES;
				CLANG_WARN_STRICT_PROTOTYPES = YES;
				CLANG_WARN_SUSPICIOUS_MOVE = YES;
				CLANG_WARN_UNGUARDED_AVAILABILITY = YES_AGGRESSIVE;
				CLANG_WARN_UNREACHABLE_CODE = YES;
				CLANG_WARN__DUPLICATE_METHOD_MATCH = YES;
				COPY_PHASE_STRIP = NO;
				DEBUG_INFORMATION_FORMAT = dwarf;
				ENABLE_STRICT_OBJC_MSGSEND = YES;
				ENABLE_TESTABILITY = YES;
				GCC_C_LANGUAGE_STANDARD = gnu11;
				GCC_DYNAMIC_NO_PIC = NO;
				GCC_NO_COMMON_BLOCKS = YES;
				GCC_OPTIMIZATION_LEVEL = 0;
				GCC_PREPROCESSOR_DEFINITIONS = (
					"DEBUG=1",
					"$(inherited)",
				);
				GCC_WARN_64_TO_32_BIT_CONVERSION = YES;
				GCC_WARN_ABOUT_RETURN_TYPE = YES_ERROR;
				GCC_WARN_UNDECLARED_SELECTOR = YES;
				GCC_WARN_UNINITIALIZED_AUTOS = YES_AGGRESSIVE;
				GCC_WARN_UNUSED_FUNCTION = YES;
				GCC_WARN_UNUSED_VARIABLE = YES;
				IPHONEOS_DEPLOYMENT_TARGET = 14.0;
				MTL_ENABLE_DEBUG_INFO = INCLUDE_SOURCE;
				MTL_FAST_MATH = YES;
				ONLY_ACTIVE_ARCH = YES;
				SDKROOT = iphoneos;
				SWIFT_ACTIVE_COMPILATION_CONDITIONS = DEBUG;
				SWIFT_OPTIMIZATION_LEVEL = "-Onone";
			};
			name = Debug;
		};
		156F6F4525404E1E009435D6 /* Release */ = {
			isa = XCBuildConfiguration;
			buildSettings = {
				ALWAYS_SEARCH_USER_PATHS = NO;
				CLANG_ANALYZER_NONNULL = YES;
				CLANG_ANALYZER_NUMBER_OBJECT_CONVERSION = YES_AGGRESSIVE;
				CLANG_CXX_LANGUAGE_STANDARD = "gnu++14";
				CLANG_CXX_LIBRARY = "libc++";
				CLANG_ENABLE_MODULES = YES;
				CLANG_ENABLE_OBJC_ARC = YES;
				CLANG_ENABLE_OBJC_WEAK = YES;
				CLANG_WARN_BLOCK_CAPTURE_AUTORELEASING = YES;
				CLANG_WARN_BOOL_CONVERSION = YES;
				CLANG_WARN_COMMA = YES;
				CLANG_WARN_CONSTANT_CONVERSION = YES;
				CLANG_WARN_DEPRECATED_OBJC_IMPLEMENTATIONS = YES;
				CLANG_WARN_DIRECT_OBJC_ISA_USAGE = YES_ERROR;
				CLANG_WARN_DOCUMENTATION_COMMENTS = YES;
				CLANG_WARN_EMPTY_BODY = YES;
				CLANG_WARN_ENUM_CONVERSION = YES;
				CLANG_WARN_INFINITE_RECURSION = YES;
				CLANG_WARN_INT_CONVERSION = YES;
				CLANG_WARN_NON_LITERAL_NULL_CONVERSION = YES;
				CLANG_WARN_OBJC_IMPLICIT_RETAIN_SELF = YES;
				CLANG_WARN_OBJC_LITERAL_CONVERSION = YES;
				CLANG_WARN_OBJC_ROOT_CLASS = YES_ERROR;
				CLANG_WARN_QUOTED_INCLUDE_IN_FRAMEWORK_HEADER = YES;
				CLANG_WARN_RANGE_LOOP_ANALYSIS = YES;
				CLANG_WARN_STRICT_PROTOTYPES = YES;
				CLANG_WARN_SUSPICIOUS_MOVE = YES;
				CLANG_WARN_UNGUARDED_AVAILABILITY = YES_AGGRESSIVE;
				CLANG_WARN_UNREACHABLE_CODE = YES;
				CLANG_WARN__DUPLICATE_METHOD_MATCH = YES;
				COPY_PHASE_STRIP = NO;
				DEBUG_INFORMATION_FORMAT = "dwarf-with-dsym";
				ENABLE_NS_ASSERTIONS = NO;
				ENABLE_STRICT_OBJC_MSGSEND = YES;
				GCC_C_LANGUAGE_STANDARD = gnu11;
				GCC_NO_COMMON_BLOCKS = YES;
				GCC_WARN_64_TO_32_BIT_CONVERSION = YES;
				GCC_WARN_ABOUT_RETURN_TYPE = YES_ERROR;
				GCC_WARN_UNDECLARED_SELECTOR = YES;
				GCC_WARN_UNINITIALIZED_AUTOS = YES_AGGRESSIVE;
				GCC_WARN_UNUSED_FUNCTION = YES;
				GCC_WARN_UNUSED_VARIABLE = YES;
				IPHONEOS_DEPLOYMENT_TARGET = 14.0;
				MTL_ENABLE_DEBUG_INFO = NO;
				MTL_FAST_MATH = YES;
				SDKROOT = iphoneos;
				SWIFT_COMPILATION_MODE = wholemodule;
				SWIFT_OPTIMIZATION_LEVEL = "-O";
				VALIDATE_PRODUCT = YES;
			};
			name = Release;
		};
		156F6F4725404E1E009435D6 /* Debug */ = {
			isa = XCBuildConfiguration;
			buildSettings = {
				ASSETCATALOG_COMPILER_APPICON_NAME = AppIcon;
				ASSETCATALOG_COMPILER_GLOBAL_ACCENT_COLOR_NAME = AccentColor;
				CODE_SIGN_STYLE = Automatic;
				DEVELOPMENT_TEAM = NL53BFH4CA;
				INFOPLIST_FILE = RaketaTestTask/Info.plist;
				LD_RUNPATH_SEARCH_PATHS = (
					"$(inherited)",
					"@executable_path/Frameworks",
				);
				PRODUCT_BUNDLE_IDENTIFIER = com.virych.RaketaTestTask;
				PRODUCT_NAME = "$(TARGET_NAME)";
				SWIFT_VERSION = 5.0;
				TARGETED_DEVICE_FAMILY = "1,2";
			};
			name = Debug;
		};
		156F6F4825404E1E009435D6 /* Release */ = {
			isa = XCBuildConfiguration;
			buildSettings = {
				ASSETCATALOG_COMPILER_APPICON_NAME = AppIcon;
				ASSETCATALOG_COMPILER_GLOBAL_ACCENT_COLOR_NAME = AccentColor;
				CODE_SIGN_STYLE = Automatic;
				DEVELOPMENT_TEAM = NL53BFH4CA;
				INFOPLIST_FILE = RaketaTestTask/Info.plist;
				LD_RUNPATH_SEARCH_PATHS = (
					"$(inherited)",
					"@executable_path/Frameworks",
				);
				PRODUCT_BUNDLE_IDENTIFIER = com.virych.RaketaTestTask;
				PRODUCT_NAME = "$(TARGET_NAME)";
				SWIFT_VERSION = 5.0;
				TARGETED_DEVICE_FAMILY = "1,2";
			};
			name = Release;
		};
/* End XCBuildConfiguration section */

/* Begin XCConfigurationList section */
		156F6F2D25404E1C009435D6 /* Build configuration list for PBXProject "RaketaTestTask" */ = {
			isa = XCConfigurationList;
			buildConfigurations = (
				156F6F4425404E1E009435D6 /* Debug */,
				156F6F4525404E1E009435D6 /* Release */,
			);
			defaultConfigurationIsVisible = 0;
			defaultConfigurationName = Release;
		};
		156F6F4625404E1E009435D6 /* Build configuration list for PBXNativeTarget "RaketaTestTask" */ = {
			isa = XCConfigurationList;
			buildConfigurations = (
				156F6F4725404E1E009435D6 /* Debug */,
				156F6F4825404E1E009435D6 /* Release */,
			);
			defaultConfigurationIsVisible = 0;
			defaultConfigurationName = Release;
		};
/* End XCConfigurationList section */
	};
	rootObject = 156F6F2A25404E1C009435D6 /* Project object */;
}
